// !$*UTF8*$!
{
	archiveVersion = 1;
	classes = {
	};
	objectVersion = 46;
	objects = {

/* Begin PBXBuildFile section */
		8CCA399F1B032B6300EA7A85 /* main.m in Sources */ = {isa = PBXBuildFile; fileRef = 8CCA399E1B032B6300EA7A85 /* main.m */; };
		8CCA39A21B032B6300EA7A85 /* AppDelegate.m in Sources */ = {isa = PBXBuildFile; fileRef = 8CCA39A11B032B6300EA7A85 /* AppDelegate.m */; };
		8CCA39A51B032B6300EA7A85 /* ViewController.m in Sources */ = {isa = PBXBuildFile; fileRef = 8CCA39A41B032B6300EA7A85 /* ViewController.m */; };
		8CCA39A81B032B6300EA7A85 /* Main.storyboard in Resources */ = {isa = PBXBuildFile; fileRef = 8CCA39A61B032B6300EA7A85 /* Main.storyboard */; };
		8CCA39AA1B032B6300EA7A85 /* Images.xcassets in Resources */ = {isa = PBXBuildFile; fileRef = 8CCA39A91B032B6300EA7A85 /* Images.xcassets */; };
		8CCA39AD1B032B6300EA7A85 /* LaunchScreen.xib in Resources */ = {isa = PBXBuildFile; fileRef = 8CCA39AB1B032B6300EA7A85 /* LaunchScreen.xib */; };
		8CCA39B91B032B6400EA7A85 /* ToDoListTests.m in Sources */ = {isa = PBXBuildFile; fileRef = 8CCA39B81B032B6400EA7A85 /* ToDoListTests.m */; };
/* End PBXBuildFile section */

/* Begin PBXContainerItemProxy section */
		8CCA39B31B032B6400EA7A85 /* PBXContainerItemProxy */ = {
			isa = PBXContainerItemProxy;
			containerPortal = 8CCA39911B032B6300EA7A85 /* Project object */;
			proxyType = 1;
			remoteGlobalIDString = 8CCA39981B032B6300EA7A85;
			remoteInfo = ToDoList;
		};
/* End PBXContainerItemProxy section */

/* Begin PBXFileReference section */
		8CCA39991B032B6300EA7A85 /* ToDoList.app */ = {isa = PBXFileReference; explicitFileType = wrapper.application; includeInIndex = 0; path = ToDoList.app; sourceTree = BUILT_PRODUCTS_DIR; };
		8CCA399D1B032B6300EA7A85 /* Info.plist */ = {isa = PBXFileReference; lastKnownFileType = text.plist.xml; path = Info.plist; sourceTree = "<group>"; };
		8CCA399E1B032B6300EA7A85 /* main.m */ = {isa = PBXFileReference; lastKnownFileType = sourcecode.c.objc; path = main.m; sourceTree = "<group>"; };
		8CCA39A01B032B6300EA7A85 /* AppDelegate.h */ = {isa = PBXFileReference; lastKnownFileType = sourcecode.c.h; path = AppDelegate.h; sourceTree = "<group>"; };
		8CCA39A11B032B6300EA7A85 /* AppDelegate.m */ = {isa = PBXFileReference; lastKnownFileType = sourcecode.c.objc; path = AppDelegate.m; sourceTree = "<group>"; };
		8CCA39A31B032B6300EA7A85 /* ViewController.h */ = {isa = PBXFileReference; lastKnownFileType = sourcecode.c.h; path = ViewController.h; sourceTree = "<group>"; };
		8CCA39A41B032B6300EA7A85 /* ViewController.m */ = {isa = PBXFileReference; lastKnownFileType = sourcecode.c.objc; path = ViewController.m; sourceTree = "<group>"; };
		8CCA39A71B032B6300EA7A85 /* Base */ = {isa = PBXFileReference; lastKnownFileType = file.storyboard; name = Base; path = Base.lproj/Main.storyboard; sourceTree = "<group>"; };
		8CCA39A91B032B6300EA7A85 /* Images.xcassets */ = {isa = PBXFileReference; lastKnownFileType = folder.assetcatalog; path = Images.xcassets; sourceTree = "<group>"; };
		8CCA39AC1B032B6300EA7A85 /* Base */ = {isa = PBXFileReference; lastKnownFileType = file.xib; name = Base; path = Base.lproj/LaunchScreen.xib; sourceTree = "<group>"; };
		8CCA39B21B032B6400EA7A85 /* ToDoListTests.xctest */ = {isa = PBXFileReference; explicitFileType = wrapper.cfbundle; includeInIndex = 0; path = ToDoListTests.xctest; sourceTree = BUILT_PRODUCTS_DIR; };
		8CCA39B71B032B6400EA7A85 /* Info.plist */ = {isa = PBXFileReference; lastKnownFileType = text.plist.xml; path = Info.plist; sourceTree = "<group>"; };
		8CCA39B81B032B6400EA7A85 /* ToDoListTests.m */ = {isa = PBXFileReference; lastKnownFileType = sourcecode.c.objc; path = ToDoListTests.m; sourceTree = "<group>"; };
/* End PBXFileReference section */

/* Begin PBXFrameworksBuildPhase section */
		8CCA39961B032B6300EA7A85 /* Frameworks */ = {
			isa = PBXFrameworksBuildPhase;
			buildActionMask = 2147483647;
			files = (
			);
			runOnlyForDeploymentPostprocessing = 0;
		};
		8CCA39AF1B032B6400EA7A85 /* Frameworks */ = {
			isa = PBXFrameworksBuildPhase;
			buildActionMask = 2147483647;
			files = (
			);
			runOnlyForDeploymentPostprocessing = 0;
		};
/* End PBXFrameworksBuildPhase section */

/* Begin PBXGroup section */
		8CCA39901B032B6300EA7A85 = {
			isa = PBXGroup;
			children = (
				8CCA399B1B032B6300EA7A85 /* ToDoList */,
				8CCA39B51B032B6400EA7A85 /* ToDoListTests */,
				8CCA399A1B032B6300EA7A85 /* Products */,
			);
			sourceTree = "<group>";
		};
		8CCA399A1B032B6300EA7A85 /* Products */ = {
			isa = PBXGroup;
			children = (
				8CCA39991B032B6300EA7A85 /* ToDoList.app */,
				8CCA39B21B032B6400EA7A85 /* ToDoListTests.xctest */,
			);
			name = Products;
			sourceTree = "<group>";
		};
		8CCA399B1B032B6300EA7A85 /* ToDoList */ = {
			isa = PBXGroup;
			children = (
				8CCA39A01B032B6300EA7A85 /* AppDelegate.h */,
				8CCA39A11B032B6300EA7A85 /* AppDelegate.m */,
				8CCA39A31B032B6300EA7A85 /* ViewController.h */,
				8CCA39A41B032B6300EA7A85 /* ViewController.m */,
				8CCA39A61B032B6300EA7A85 /* Main.storyboard */,
				8CCA39A91B032B6300EA7A85 /* Images.xcassets */,
				8CCA39AB1B032B6300EA7A85 /* LaunchScreen.xib */,
				8CCA399C1B032B6300EA7A85 /* Supporting Files */,
			);
			path = ToDoList;
			sourceTree = "<group>";
		};
		8CCA399C1B032B6300EA7A85 /* Supporting Files */ = {
			isa = PBXGroup;
			children = (
				8CCA399D1B032B6300EA7A85 /* Info.plist */,
				8CCA399E1B032B6300EA7A85 /* main.m */,
			);
			name = "Supporting Files";
			sourceTree = "<group>";
		};
		8CCA39B51B032B6400EA7A85 /* ToDoListTests */ = {
			isa = PBXGroup;
			children = (
				8CCA39B81B032B6400EA7A85 /* ToDoListTests.m */,
				8CCA39B61B032B6400EA7A85 /* Supporting Files */,
			);
			path = ToDoListTests;
			sourceTree = "<group>";
		};
		8CCA39B61B032B6400EA7A85 /* Supporting Files */ = {
			isa = PBXGroup;
			children = (
				8CCA39B71B032B6400EA7A85 /* Info.plist */,
			);
			name = "Supporting Files";
			sourceTree = "<group>";
		};
/* End PBXGroup section */

/* Begin PBXNativeTarget section */
		8CCA39981B032B6300EA7A85 /* ToDoList */ = {
			isa = PBXNativeTarget;
			buildConfigurationList = 8CCA39BC1B032B6400EA7A85 /* Build configuration list for PBXNativeTarget "ToDoList" */;
			buildPhases = (
				8CCA39951B032B6300EA7A85 /* Sources */,
				8CCA39961B032B6300EA7A85 /* Frameworks */,
				8CCA39971B032B6300EA7A85 /* Resources */,
			);
			buildRules = (
			);
			dependencies = (
			);
			name = ToDoList;
			productName = ToDoList;
			productReference = 8CCA39991B032B6300EA7A85 /* ToDoList.app */;
			productType = "com.apple.product-type.application";
		};
		8CCA39B11B032B6400EA7A85 /* ToDoListTests */ = {
			isa = PBXNativeTarget;
			buildConfigurationList = 8CCA39BF1B032B6400EA7A85 /* Build configuration list for PBXNativeTarget "ToDoListTests" */;
			buildPhases = (
				8CCA39AE1B032B6400EA7A85 /* Sources */,
				8CCA39AF1B032B6400EA7A85 /* Frameworks */,
				8CCA39B01B032B6400EA7A85 /* Resources */,
			);
			buildRules = (
			);
			dependencies = (
				8CCA39B41B032B6400EA7A85 /* PBXTargetDependency */,
			);
			name = ToDoListTests;
			productName = ToDoListTests;
			productReference = 8CCA39B21B032B6400EA7A85 /* ToDoListTests.xctest */;
			productType = "com.apple.product-type.bundle.unit-test";
		};
/* End PBXNativeTarget section */

/* Begin PBXProject section */
		8CCA39911B032B6300EA7A85 /* Project object */ = {
			isa = PBXProject;
			attributes = {
				LastUpgradeCheck = 0630;
				ORGANIZATIONNAME = "Malavika Menon";
				TargetAttributes = {
					8CCA39981B032B6300EA7A85 = {
						CreatedOnToolsVersion = 6.3.1;
					};
					8CCA39B11B032B6400EA7A85 = {
						CreatedOnToolsVersion = 6.3.1;
						TestTargetID = 8CCA39981B032B6300EA7A85;
					};
				};
			};
			buildConfigurationList = 8CCA39941B032B6300EA7A85 /* Build configuration list for PBXProject "ToDoList" */;
			compatibilityVersion = "Xcode 3.2";
			developmentRegion = English;
			hasScannedForEncodings = 0;
			knownRegions = (
				en,
				Base,
			);
			mainGroup = 8CCA39901B032B6300EA7A85;
			productRefGroup = 8CCA399A1B032B6300EA7A85 /* Products */;
			projectDirPath = "";
			projectRoot = "";
			targets = (
				8CCA39981B032B6300EA7A85 /* ToDoList */,
				8CCA39B11B032B6400EA7A85 /* ToDoListTests */,
			);
		};
/* End PBXProject section */

/* Begin PBXResourcesBuildPhase section */
		8CCA39971B032B6300EA7A85 /* Resources */ = {
			isa = PBXResourcesBuildPhase;
			buildActionMask = 2147483647;
			files = (
				8CCA39A81B032B6300EA7A85 /* Main.storyboard in Resources */,
				8CCA39AD1B032B6300EA7A85 /* LaunchScreen.xib in Resources */,
				8CCA39AA1B032B6300EA7A85 /* Images.xcassets in Resources */,
			);
			runOnlyForDeploymentPostprocessing = 0;
		};
		8CCA39B01B032B6400EA7A85 /* Resources */ = {
			isa = PBXResourcesBuildPhase;
			buildActionMask = 2147483647;
			files = (
			);
			runOnlyForDeploymentPostprocessing = 0;
		};
/* End PBXResourcesBuildPhase section */

/* Begin PBXSourcesBuildPhase section */
		8CCA39951B032B6300EA7A85 /* Sources */ = {
			isa = PBXSourcesBuildPhase;
			buildActionMask = 2147483647;
			files = (
				8CCA39A51B032B6300EA7A85 /* ViewController.m in Sources */,
				8CCA39A21B032B6300EA7A85 /* AppDelegate.m in Sources */,
				8CCA399F1B032B6300EA7A85 /* main.m in Sources */,
			);
			runOnlyForDeploymentPostprocessing = 0;
		};
		8CCA39AE1B032B6400EA7A85 /* Sources */ = {
			isa = PBXSourcesBuildPhase;
			buildActionMask = 2147483647;
			files = (
				8CCA39B91B032B6400EA7A85 /* ToDoListTests.m in Sources */,
			);
			runOnlyForDeploymentPostprocessing = 0;
		};
/* End PBXSourcesBuildPhase section */

/* Begin PBXTargetDependency section */
		8CCA39B41B032B6400EA7A85 /* PBXTargetDependency */ = {
			isa = PBXTargetDependency;
			target = 8CCA39981B032B6300EA7A85 /* ToDoList */;
			targetProxy = 8CCA39B31B032B6400EA7A85 /* PBXContainerItemProxy */;
		};
/* End PBXTargetDependency section */

/* Begin PBXVariantGroup section */
		8CCA39A61B032B6300EA7A85 /* Main.storyboard */ = {
			isa = PBXVariantGroup;
			children = (
				8CCA39A71B032B6300EA7A85 /* Base */,
			);
			name = Main.storyboard;
			sourceTree = "<group>";
		};
		8CCA39AB1B032B6300EA7A85 /* LaunchScreen.xib */ = {
			isa = PBXVariantGroup;
			children = (
				8CCA39AC1B032B6300EA7A85 /* Base */,
			);
			name = LaunchScreen.xib;
			sourceTree = "<group>";
		};
/* End PBXVariantGroup section */

/* Begin XCBuildConfiguration section */
		8CCA39BA1B032B6400EA7A85 /* Debug */ = {
			isa = XCBuildConfiguration;
			buildSettings = {
				ALWAYS_SEARCH_USER_PATHS = NO;
				CLANG_CXX_LANGUAGE_STANDARD = "gnu++0x";
				CLANG_CXX_LIBRARY = "libc++";
				CLANG_ENABLE_MODULES = YES;
				CLANG_ENABLE_OBJC_ARC = YES;
				CLANG_WARN_BOOL_CONVERSION = YES;
				CLANG_WARN_CONSTANT_CONVERSION = YES;
				CLANG_WARN_DIRECT_OBJC_ISA_USAGE = YES_ERROR;
				CLANG_WARN_EMPTY_BODY = YES;
				CLANG_WARN_ENUM_CONVERSION = YES;
				CLANG_WARN_INT_CONVERSION = YES;
				CLANG_WARN_OBJC_ROOT_CLASS = YES_ERROR;
				CLANG_WARN_UNREACHABLE_CODE = YES;
				CLANG_WARN__DUPLICATE_METHOD_MATCH = YES;
				"CODE_SIGN_IDENTITY[sdk=iphoneos*]" = "iPhone Developer";
				COPY_PHASE_STRIP = NO;
				DEBUG_INFORMATION_FORMAT = "dwarf-with-dsym";
				ENABLE_STRICT_OBJC_MSGSEND = YES;
				GCC_C_LANGUAGE_STANDARD = gnu99;
				GCC_DYNAMIC_NO_PIC = NO;
				GCC_NO_COMMON_BLOCKS = YES;
				GCC_OPTIMIZATION_LEVEL = 0;
				GCC_PREPROCESSOR_DEFINITIONS = (
					"DEBUG=1",
					"$(inherited)",
				);
				GCC_SYMBOLS_PRIVATE_EXTERN = NO;
				GCC_WARN_64_TO_32_BIT_CONVERSION = YES;
				GCC_WARN_ABOUT_RETURN_TYPE = YES_ERROR;
				GCC_WARN_UNDECLARED_SELECTOR = YES;
				GCC_WARN_UNINITIALIZED_AUTOS = YES_AGGRESSIVE;
				GCC_WARN_UNUSED_FUNCTION = YES;
				GCC_WARN_UNUSED_VARIABLE = YES;
				IPHONEOS_DEPLOYMENT_TARGET = 8.3;
				MTL_ENABLE_DEBUG_INFO = YES;
				ONLY_ACTIVE_ARCH = YES;
				SDKROOT = iphoneos;
				TARGETED_DEVICE_FAMILY = "1,2";
			};
			name = Debug;
		};
		8CCA39BB1B032B6400EA7A85 /* Release */ = {
			isa = XCBuildConfiguration;
			buildSettings = {
				ALWAYS_SEARCH_USER_PATHS = NO;
				CLANG_CXX_LANGUAGE_STANDARD = "gnu++0x";
				CLANG_CXX_LIBRARY = "libc++";
				CLANG_ENABLE_MODULES = YES;
				CLANG_ENABLE_OBJC_ARC = YES;
				CLANG_WARN_BOOL_CONVERSION = YES;
				CLANG_WARN_CONSTANT_CONVERSION = YES;
				CLANG_WARN_DIRECT_OBJC_ISA_USAGE = YES_ERROR;
				CLANG_WARN_EMPTY_BODY = YES;
				CLANG_WARN_ENUM_CONVERSION = YES;
				CLANG_WARN_INT_CONVERSION = YES;
				CLANG_WARN_OBJC_ROOT_CLASS = YES_ERROR;
				CLANG_WARN_UNREACHABLE_CODE = YES;
				CLANG_WARN__DUPLICATE_METHOD_MATCH = YES;
				"CODE_SIGN_IDENTITY[sdk=iphoneos*]" = "iPhone Developer";
				COPY_PHASE_STRIP = NO;
				DEBUG_INFORMATION_FORMAT = "dwarf-with-dsym";
				ENABLE_NS_ASSERTIONS = NO;
				ENABLE_STRICT_OBJC_MSGSEND = YES;
				GCC_C_LANGUAGE_STANDARD = gnu99;
				GCC_NO_COMMON_BLOCKS = YES;
				GCC_WARN_64_TO_32_BIT_CONVERSION = YES;
				GCC_WARN_ABOUT_RETURN_TYPE = YES_ERROR;
				GCC_WARN_UNDECLARED_SELECTOR = YES;
				GCC_WARN_UNINITIALIZED_AUTOS = YES_AGGRESSIVE;
				GCC_WARN_UNUSED_FUNCTION = YES;
				GCC_WARN_UNUSED_VARIABLE = YES;
				IPHONEOS_DEPLOYMENT_TARGET = 8.3;
				MTL_ENABLE_DEBUG_INFO = NO;
				SDKROOT = iphoneos;
				TARGETED_DEVICE_FAMILY = "1,2";
				VALIDATE_PRODUCT = YES;
			};
			name = Release;
		};
		8CCA39BD1B032B6400EA7A85 /* Debug */ = {
			isa = XCBuildConfiguration;
			buildSettings = {
				ASSETCATALOG_COMPILER_APPICON_NAME = AppIcon;
				INFOPLIST_FILE = ToDoList/Info.plist;
				LD_RUNPATH_SEARCH_PATHS = "$(inherited) @executable_path/Frameworks";
				PRODUCT_NAME = "$(TARGET_NAME)";
			};
			name = Debug;
		};
		8CCA39BE1B032B6400EA7A85 /* Release */ = {
			isa = XCBuildConfiguration;
			buildSettings = {
				ASSETCATALOG_COMPILER_APPICON_NAME = AppIcon;
				INFOPLIST_FILE = ToDoList/Info.plist;
				LD_RUNPATH_SEARCH_PATHS = "$(inherited) @executable_path/Frameworks";
				PRODUCT_NAME = "$(TARGET_NAME)";
			};
			name = Release;
		};
		8CCA39C01B032B6400EA7A85 /* Debug */ = {
			isa = XCBuildConfiguration;
			buildSettings = {
				BUNDLE_LOADER = "$(TEST_HOST)";
				FRAMEWORK_SEARCH_PATHS = (
					"$(SDKROOT)/Developer/Library/Frameworks",
					"$(inherited)",
				);
				GCC_PREPROCESSOR_DEFINITIONS = (
					"DEBUG=1",
					"$(inherited)",
				);
				INFOPLIST_FILE = ToDoListTests/Info.plist;
				LD_RUNPATH_SEARCH_PATHS = "$(inherited) @executable_path/Frameworks @loader_path/Frameworks";
				PRODUCT_NAME = "$(TARGET_NAME)";
				TEST_HOST = "$(BUILT_PRODUCTS_DIR)/ToDoList.app/ToDoList";
			};
			name = Debug;
		};
		8CCA39C11B032B6400EA7A85 /* Release */ = {
			isa = XCBuildConfiguration;
			buildSettings = {
				BUNDLE_LOADER = "$(TEST_HOST)";
				FRAMEWORK_SEARCH_PATHS = (
					"$(SDKROOT)/Developer/Library/Frameworks",
					"$(inherited)",
				);
				INFOPLIST_FILE = ToDoListTests/Info.plist;
				LD_RUNPATH_SEARCH_PATHS = "$(inherited) @executable_path/Frameworks @loader_path/Frameworks";
				PRODUCT_NAME = "$(TARGET_NAME)";
				TEST_HOST = "$(BUILT_PRODUCTS_DIR)/ToDoList.app/ToDoList";
			};
			name = Release;
		};
/* End XCBuildConfiguration section */

/* Begin XCConfigurationList section */
		8CCA39941B032B6300EA7A85 /* Build configuration list for PBXProject "ToDoList" */ = {
			isa = XCConfigurationList;
			buildConfigurations = (
				8CCA39BA1B032B6400EA7A85 /* Debug */,
				8CCA39BB1B032B6400EA7A85 /* Release */,
			);
			defaultConfigurationIsVisible = 0;
			defaultConfigurationName = Release;
		};
		8CCA39BC1B032B6400EA7A85 /* Build configuration list for PBXNativeTarget "ToDoList" */ = {
			isa = XCConfigurationList;
			buildConfigurations = (
				8CCA39BD1B032B6400EA7A85 /* Debug */,
				8CCA39BE1B032B6400EA7A85 /* Release */,
			);
			defaultConfigurationIsVisible = 0;
		};
		8CCA39BF1B032B6400EA7A85 /* Build configuration list for PBXNativeTarget "ToDoListTests" */ = {
			isa = XCConfigurationList;
			buildConfigurations = (
				8CCA39C01B032B6400EA7A85 /* Debug */,
				8CCA39C11B032B6400EA7A85 /* Release */,
			);
			defaultConfigurationIsVisible = 0;
		};
/* End XCConfigurationList section */
	};
	rootObject = 8CCA39911B032B6300EA7A85 /* Project object */;
}
